// !$*UTF8*$!
{
	archiveVersion = 1;
	classes = {
	};
	objectVersion = 50;
	objects = {

/* Begin PBXBuildFile section */
		516F4AAB5C4F60B2CEA49E47 /* Pods_WeatherApp.framework in Frameworks */ = {isa = PBXBuildFile; fileRef = CEBE0E416A965FF186E8C93B /* Pods_WeatherApp.framework */; };
		7512040B24A84AF6008CABF6 /* AppDelegate.swift in Sources */ = {isa = PBXBuildFile; fileRef = 7512040A24A84AF6008CABF6 /* AppDelegate.swift */; };
		7512040D24A84AF6008CABF6 /* SceneDelegate.swift in Sources */ = {isa = PBXBuildFile; fileRef = 7512040C24A84AF6008CABF6 /* SceneDelegate.swift */; };
		7512040F24A84AF6008CABF6 /* ViewController.swift in Sources */ = {isa = PBXBuildFile; fileRef = 7512040E24A84AF6008CABF6 /* ViewController.swift */; };
		7512041224A84AF6008CABF6 /* Main.storyboard in Resources */ = {isa = PBXBuildFile; fileRef = 7512041024A84AF6008CABF6 /* Main.storyboard */; };
		7512041424A84AF8008CABF6 /* Assets.xcassets in Resources */ = {isa = PBXBuildFile; fileRef = 7512041324A84AF8008CABF6 /* Assets.xcassets */; };
		7512041724A84AF8008CABF6 /* LaunchScreen.storyboard in Resources */ = {isa = PBXBuildFile; fileRef = 7512041524A84AF8008CABF6 /* LaunchScreen.storyboard */; };
		7523125224A962C300753327 /* WeatherManager.swift in Sources */ = {isa = PBXBuildFile; fileRef = 7523125124A962C300753327 /* WeatherManager.swift */; };
		7523125624A982B700753327 /* WeatherData.swift in Sources */ = {isa = PBXBuildFile; fileRef = 7523125524A982B700753327 /* WeatherData.swift */; };
		7523125824A9837200753327 /* WeatherModel.swift in Sources */ = {isa = PBXBuildFile; fileRef = 7523125724A9837200753327 /* WeatherModel.swift */; };
		75F6717A24AA941000FFD686 /* WeatherDelegate.swift in Sources */ = {isa = PBXBuildFile; fileRef = 75F6717924AA941000FFD686 /* WeatherDelegate.swift */; };
/* End PBXBuildFile section */

/* Begin PBXFileReference section */
		1D3F6C556B532C27365FF7C3 /* Pods-WeatherApp.release.xcconfig */ = {isa = PBXFileReference; includeInIndex = 1; lastKnownFileType = text.xcconfig; name = "Pods-WeatherApp.release.xcconfig"; path = "Target Support Files/Pods-WeatherApp/Pods-WeatherApp.release.xcconfig"; sourceTree = "<group>"; };
		3A869E44CC18B5B99FEE6498 /* Pods-WeatherApp.debug.xcconfig */ = {isa = PBXFileReference; includeInIndex = 1; lastKnownFileType = text.xcconfig; name = "Pods-WeatherApp.debug.xcconfig"; path = "Target Support Files/Pods-WeatherApp/Pods-WeatherApp.debug.xcconfig"; sourceTree = "<group>"; };
		7512040724A84AF6008CABF6 /* WeatherApp.app */ = {isa = PBXFileReference; explicitFileType = wrapper.application; includeInIndex = 0; path = WeatherApp.app; sourceTree = BUILT_PRODUCTS_DIR; };
		7512040A24A84AF6008CABF6 /* AppDelegate.swift */ = {isa = PBXFileReference; lastKnownFileType = sourcecode.swift; path = AppDelegate.swift; sourceTree = "<group>"; };
		7512040C24A84AF6008CABF6 /* SceneDelegate.swift */ = {isa = PBXFileReference; lastKnownFileType = sourcecode.swift; path = SceneDelegate.swift; sourceTree = "<group>"; };
		7512040E24A84AF6008CABF6 /* ViewController.swift */ = {isa = PBXFileReference; lastKnownFileType = sourcecode.swift; path = ViewController.swift; sourceTree = "<group>"; };
		7512041124A84AF6008CABF6 /* Base */ = {isa = PBXFileReference; lastKnownFileType = file.storyboard; name = Base; path = Base.lproj/Main.storyboard; sourceTree = "<group>"; };
		7512041324A84AF8008CABF6 /* Assets.xcassets */ = {isa = PBXFileReference; lastKnownFileType = folder.assetcatalog; path = Assets.xcassets; sourceTree = "<group>"; };
		7512041624A84AF8008CABF6 /* Base */ = {isa = PBXFileReference; lastKnownFileType = file.storyboard; name = Base; path = Base.lproj/LaunchScreen.storyboard; sourceTree = "<group>"; };
		7512041824A84AF8008CABF6 /* Info.plist */ = {isa = PBXFileReference; lastKnownFileType = text.plist.xml; path = Info.plist; sourceTree = "<group>"; };
		7523125124A962C300753327 /* WeatherManager.swift */ = {isa = PBXFileReference; lastKnownFileType = sourcecode.swift; path = WeatherManager.swift; sourceTree = "<group>"; };
		7523125324A9654600753327 /* libAFNetworking.a */ = {isa = PBXFileReference; explicitFileType = archive.ar; path = libAFNetworking.a; sourceTree = BUILT_PRODUCTS_DIR; };
		7523125524A982B700753327 /* WeatherData.swift */ = {isa = PBXFileReference; lastKnownFileType = sourcecode.swift; path = WeatherData.swift; sourceTree = "<group>"; };
		7523125724A9837200753327 /* WeatherModel.swift */ = {isa = PBXFileReference; lastKnownFileType = sourcecode.swift; path = WeatherModel.swift; sourceTree = "<group>"; };
		75F6717924AA941000FFD686 /* WeatherDelegate.swift */ = {isa = PBXFileReference; lastKnownFileType = sourcecode.swift; path = WeatherDelegate.swift; sourceTree = "<group>"; };
		CEBE0E416A965FF186E8C93B /* Pods_WeatherApp.framework */ = {isa = PBXFileReference; explicitFileType = wrapper.framework; includeInIndex = 0; path = Pods_WeatherApp.framework; sourceTree = BUILT_PRODUCTS_DIR; };
/* End PBXFileReference section */

/* Begin PBXFrameworksBuildPhase section */
		7512040424A84AF6008CABF6 /* Frameworks */ = {
			isa = PBXFrameworksBuildPhase;
			buildActionMask = 2147483647;
			files = (
				516F4AAB5C4F60B2CEA49E47 /* Pods_WeatherApp.framework in Frameworks */,
			);
			runOnlyForDeploymentPostprocessing = 0;
		};
/* End PBXFrameworksBuildPhase section */

/* Begin PBXGroup section */
		39B17B643A5B176E07655BA0 /* Frameworks */ = {
			isa = PBXGroup;
			children = (
				7523125324A9654600753327 /* libAFNetworking.a */,
				CEBE0E416A965FF186E8C93B /* Pods_WeatherApp.framework */,
			);
			name = Frameworks;
			sourceTree = "<group>";
		};
		751203FE24A84AF6008CABF6 = {
			isa = PBXGroup;
			children = (
				7512040924A84AF6008CABF6 /* WeatherApp */,
				7512040824A84AF6008CABF6 /* Products */,
				39B17B643A5B176E07655BA0 /* Frameworks */,
				7BF5F04A012B2D57D2CA35BF /* Pods */,
			);
			sourceTree = "<group>";
		};
		7512040824A84AF6008CABF6 /* Products */ = {
			isa = PBXGroup;
			children = (
				7512040724A84AF6008CABF6 /* WeatherApp.app */,
			);
			name = Products;
			sourceTree = "<group>";
		};
		7512040924A84AF6008CABF6 /* WeatherApp */ = {
			isa = PBXGroup;
			children = (
				7512040A24A84AF6008CABF6 /* AppDelegate.swift */,
				7512040C24A84AF6008CABF6 /* SceneDelegate.swift */,
				7512041324A84AF8008CABF6 /* Assets.xcassets */,
				7512041524A84AF8008CABF6 /* LaunchScreen.storyboard */,
				7512041824A84AF8008CABF6 /* Info.plist */,
				75F6717824AA93E500FFD686 /* Protocol */,
				7523125024A9628700753327 /* Model */,
				7523124B24A8515C00753327 /* View */,
				7523124C24A94DFD00753327 /* Controller */,
			);
			path = WeatherApp;
			sourceTree = "<group>";
		};
		7523124B24A8515C00753327 /* View */ = {
			isa = PBXGroup;
			children = (
				7512041024A84AF6008CABF6 /* Main.storyboard */,
			);
			path = View;
			sourceTree = "<group>";
		};
		7523124C24A94DFD00753327 /* Controller */ = {
			isa = PBXGroup;
			children = (
				7512040E24A84AF6008CABF6 /* ViewController.swift */,
			);
			path = Controller;
			sourceTree = "<group>";
		};
		7523125024A9628700753327 /* Model */ = {
			isa = PBXGroup;
			children = (
				7523125124A962C300753327 /* WeatherManager.swift */,
				7523125524A982B700753327 /* WeatherData.swift */,
				7523125724A9837200753327 /* WeatherModel.swift */,
			);
			path = Model;
			sourceTree = "<group>";
		};
		75F6717824AA93E500FFD686 /* Protocol */ = {
			isa = PBXGroup;
			children = (
				75F6717924AA941000FFD686 /* WeatherDelegate.swift */,
			);
			path = Protocol;
			sourceTree = "<group>";
		};
		7BF5F04A012B2D57D2CA35BF /* Pods */ = {
			isa = PBXGroup;
			children = (
				3A869E44CC18B5B99FEE6498 /* Pods-WeatherApp.debug.xcconfig */,
				1D3F6C556B532C27365FF7C3 /* Pods-WeatherApp.release.xcconfig */,
			);
			name = Pods;
			path = Pods;
			sourceTree = "<group>";
		};
/* End PBXGroup section */

/* Begin PBXNativeTarget section */
		7512040624A84AF6008CABF6 /* WeatherApp */ = {
			isa = PBXNativeTarget;
			buildConfigurationList = 7512041B24A84AF8008CABF6 /* Build configuration list for PBXNativeTarget "WeatherApp" */;
			buildPhases = (
				3B669430B7ABF314CEAE7710 /* [CP] Check Pods Manifest.lock */,
				7512040324A84AF6008CABF6 /* Sources */,
				7512040424A84AF6008CABF6 /* Frameworks */,
				7512040524A84AF6008CABF6 /* Resources */,
				88F161F9511C4A3797630655 /* [CP] Embed Pods Frameworks */,
			);
			buildRules = (
			);
			dependencies = (
			);
			name = WeatherApp;
			productName = WeatherApp;
			productReference = 7512040724A84AF6008CABF6 /* WeatherApp.app */;
			productType = "com.apple.product-type.application";
		};
/* End PBXNativeTarget section */

/* Begin PBXProject section */
		751203FF24A84AF6008CABF6 /* Project object */ = {
			isa = PBXProject;
			attributes = {
				LastSwiftUpdateCheck = 1150;
				LastUpgradeCheck = 1150;
				ORGANIZATIONNAME = "Rodrigo Cámara Robles";
				TargetAttributes = {
					7512040624A84AF6008CABF6 = {
						CreatedOnToolsVersion = 11.5;
					};
				};
			};
			buildConfigurationList = 7512040224A84AF6008CABF6 /* Build configuration list for PBXProject "WeatherApp" */;
			compatibilityVersion = "Xcode 9.3";
			developmentRegion = en;
			hasScannedForEncodings = 0;
			knownRegions = (
				en,
				Base,
			);
			mainGroup = 751203FE24A84AF6008CABF6;
			productRefGroup = 7512040824A84AF6008CABF6 /* Products */;
			projectDirPath = "";
			projectRoot = "";
			targets = (
				7512040624A84AF6008CABF6 /* WeatherApp */,
			);
		};
/* End PBXProject section */

/* Begin PBXResourcesBuildPhase section */
		7512040524A84AF6008CABF6 /* Resources */ = {
			isa = PBXResourcesBuildPhase;
			buildActionMask = 2147483647;
			files = (
				7512041724A84AF8008CABF6 /* LaunchScreen.storyboard in Resources */,
				7512041424A84AF8008CABF6 /* Assets.xcassets in Resources */,
				7512041224A84AF6008CABF6 /* Main.storyboard in Resources */,
			);
			runOnlyForDeploymentPostprocessing = 0;
		};
/* End PBXResourcesBuildPhase section */

/* Begin PBXShellScriptBuildPhase section */
		3B669430B7ABF314CEAE7710 /* [CP] Check Pods Manifest.lock */ = {
			isa = PBXShellScriptBuildPhase;
			buildActionMask = 2147483647;
			files = (
			);
			inputFileListPaths = (
			);
			inputPaths = (
				"${PODS_PODFILE_DIR_PATH}/Podfile.lock",
				"${PODS_ROOT}/Manifest.lock",
			);
			name = "[CP] Check Pods Manifest.lock";
			outputFileListPaths = (
			);
			outputPaths = (
				"$(DERIVED_FILE_DIR)/Pods-WeatherApp-checkManifestLockResult.txt",
			);
			runOnlyForDeploymentPostprocessing = 0;
			shellPath = /bin/sh;
			shellScript = "diff \"${PODS_PODFILE_DIR_PATH}/Podfile.lock\" \"${PODS_ROOT}/Manifest.lock\" > /dev/null\nif [ $? != 0 ] ; then\n    # print error to STDERR\n    echo \"error: The sandbox is not in sync with the Podfile.lock. Run 'pod install' or update your CocoaPods installation.\" >&2\n    exit 1\nfi\n# This output is used by Xcode 'outputs' to avoid re-running this script phase.\necho \"SUCCESS\" > \"${SCRIPT_OUTPUT_FILE_0}\"\n";
			showEnvVarsInLog = 0;
		};
		88F161F9511C4A3797630655 /* [CP] Embed Pods Frameworks */ = {
			isa = PBXShellScriptBuildPhase;
			buildActionMask = 2147483647;
			files = (
			);
			inputFileListPaths = (
				"${PODS_ROOT}/Target Support Files/Pods-WeatherApp/Pods-WeatherApp-frameworks-${CONFIGURATION}-input-files.xcfilelist",
			);
			name = "[CP] Embed Pods Frameworks";
			outputFileListPaths = (
				"${PODS_ROOT}/Target Support Files/Pods-WeatherApp/Pods-WeatherApp-frameworks-${CONFIGURATION}-output-files.xcfilelist",
			);
			runOnlyForDeploymentPostprocessing = 0;
			shellPath = /bin/sh;
			shellScript = "\"${PODS_ROOT}/Target Support Files/Pods-WeatherApp/Pods-WeatherApp-frameworks.sh\"\n";
			showEnvVarsInLog = 0;
		};
/* End PBXShellScriptBuildPhase section */

/* Begin PBXSourcesBuildPhase section */
		7512040324A84AF6008CABF6 /* Sources */ = {
			isa = PBXSourcesBuildPhase;
			buildActionMask = 2147483647;
			files = (
				7523125224A962C300753327 /* WeatherManager.swift in Sources */,
				7523125624A982B700753327 /* WeatherData.swift in Sources */,
				7512040F24A84AF6008CABF6 /* ViewController.swift in Sources */,
				7512040B24A84AF6008CABF6 /* AppDelegate.swift in Sources */,
				7523125824A9837200753327 /* WeatherModel.swift in Sources */,
				7512040D24A84AF6008CABF6 /* SceneDelegate.swift in Sources */,
				75F6717A24AA941000FFD686 /* WeatherDelegate.swift in Sources */,
			);
			runOnlyForDeploymentPostprocessing = 0;
		};
/* End PBXSourcesBuildPhase section */

/* Begin PBXVariantGroup section */
		7512041024A84AF6008CABF6 /* Main.storyboard */ = {
			isa = PBXVariantGroup;
			children = (
				7512041124A84AF6008CABF6 /* Base */,
			);
			name = Main.storyboard;
			sourceTree = "<group>";
		};
		7512041524A84AF8008CABF6 /* LaunchScreen.storyboard */ = {
			isa = PBXVariantGroup;
			children = (
				7512041624A84AF8008CABF6 /* Base */,
			);
			name = LaunchScreen.storyboard;
			sourceTree = "<group>";
		};
/* End PBXVariantGroup section */

/* Begin XCBuildConfiguration section */
		7512041924A84AF8008CABF6 /* Debug */ = {
			isa = XCBuildConfiguration;
			buildSettings = {
				ALWAYS_SEARCH_USER_PATHS = NO;
				CLANG_ANALYZER_NONNULL = YES;
				CLANG_ANALYZER_NUMBER_OBJECT_CONVERSION = YES_AGGRESSIVE;
				CLANG_CXX_LANGUAGE_STANDARD = "gnu++14";
				CLANG_CXX_LIBRARY = "libc++";
				CLANG_ENABLE_MODULES = YES;
				CLANG_ENABLE_OBJC_ARC = YES;
				CLANG_ENABLE_OBJC_WEAK = YES;
				CLANG_WARN_BLOCK_CAPTURE_AUTORELEASING = YES;
				CLANG_WARN_BOOL_CONVERSION = YES;
				CLANG_WARN_COMMA = YES;
				CLANG_WARN_CONSTANT_CONVERSION = YES;
				CLANG_WARN_DEPRECATED_OBJC_IMPLEMENTATIONS = YES;
				CLANG_WARN_DIRECT_OBJC_ISA_USAGE = YES_ERROR;
				CLANG_WARN_DOCUMENTATION_COMMENTS = YES;
				CLANG_WARN_EMPTY_BODY = YES;
				CLANG_WARN_ENUM_CONVERSION = YES;
				CLANG_WARN_INFINITE_RECURSION = YES;
				CLANG_WARN_INT_CONVERSION = YES;
				CLANG_WARN_NON_LITERAL_NULL_CONVERSION = YES;
				CLANG_WARN_OBJC_IMPLICIT_RETAIN_SELF = YES;
				CLANG_WARN_OBJC_LITERAL_CONVERSION = YES;
				CLANG_WARN_OBJC_ROOT_CLASS = YES_ERROR;
				CLANG_WARN_RANGE_LOOP_ANALYSIS = YES;
				CLANG_WARN_STRICT_PROTOTYPES = YES;
				CLANG_WARN_SUSPICIOUS_MOVE = YES;
				CLANG_WARN_UNGUARDED_AVAILABILITY = YES_AGGRESSIVE;
				CLANG_WARN_UNREACHABLE_CODE = YES;
				CLANG_WARN__DUPLICATE_METHOD_MATCH = YES;
				COPY_PHASE_STRIP = NO;
				DEBUG_INFORMATION_FORMAT = dwarf;
				ENABLE_STRICT_OBJC_MSGSEND = YES;
				ENABLE_TESTABILITY = YES;
				GCC_C_LANGUAGE_STANDARD = gnu11;
				GCC_DYNAMIC_NO_PIC = NO;
				GCC_NO_COMMON_BLOCKS = YES;
				GCC_OPTIMIZATION_LEVEL = 0;
				GCC_PREPROCESSOR_DEFINITIONS = (
					"DEBUG=1",
					"$(inherited)",
				);
				GCC_WARN_64_TO_32_BIT_CONVERSION = YES;
				GCC_WARN_ABOUT_RETURN_TYPE = YES_ERROR;
				GCC_WARN_UNDECLARED_SELECTOR = YES;
				GCC_WARN_UNINITIALIZED_AUTOS = YES_AGGRESSIVE;
				GCC_WARN_UNUSED_FUNCTION = YES;
				GCC_WARN_UNUSED_VARIABLE = YES;
				IPHONEOS_DEPLOYMENT_TARGET = 13.5;
				MTL_ENABLE_DEBUG_INFO = INCLUDE_SOURCE;
				MTL_FAST_MATH = YES;
				ONLY_ACTIVE_ARCH = YES;
				SDKROOT = iphoneos;
				SWIFT_ACTIVE_COMPILATION_CONDITIONS = DEBUG;
				SWIFT_OPTIMIZATION_LEVEL = "-Onone";
			};
			name = Debug;
		};
		7512041A24A84AF8008CABF6 /* Release */ = {
			isa = XCBuildConfiguration;
			buildSettings = {
				ALWAYS_SEARCH_USER_PATHS = NO;
				CLANG_ANALYZER_NONNULL = YES;
				CLANG_ANALYZER_NUMBER_OBJECT_CONVERSION = YES_AGGRESSIVE;
				CLANG_CXX_LANGUAGE_STANDARD = "gnu++14";
				CLANG_CXX_LIBRARY = "libc++";
				CLANG_ENABLE_MODULES = YES;
				CLANG_ENABLE_OBJC_ARC = YES;
				CLANG_ENABLE_OBJC_WEAK = YES;
				CLANG_WARN_BLOCK_CAPTURE_AUTORELEASING = YES;
				CLANG_WARN_BOOL_CONVERSION = YES;
				CLANG_WARN_COMMA = YES;
				CLANG_WARN_CONSTANT_CONVERSION = YES;
				CLANG_WARN_DEPRECATED_OBJC_IMPLEMENTATIONS = YES;
				CLANG_WARN_DIRECT_OBJC_ISA_USAGE = YES_ERROR;
				CLANG_WARN_DOCUMENTATION_COMMENTS = YES;
				CLANG_WARN_EMPTY_BODY = YES;
				CLANG_WARN_ENUM_CONVERSION = YES;
				CLANG_WARN_INFINITE_RECURSION = YES;
				CLANG_WARN_INT_CONVERSION = YES;
				CLANG_WARN_NON_LITERAL_NULL_CONVERSION = YES;
				CLANG_WARN_OBJC_IMPLICIT_RETAIN_SELF = YES;
				CLANG_WARN_OBJC_LITERAL_CONVERSION = YES;
				CLANG_WARN_OBJC_ROOT_CLASS = YES_ERROR;
				CLANG_WARN_RANGE_LOOP_ANALYSIS = YES;
				CLANG_WARN_STRICT_PROTOTYPES = YES;
				CLANG_WARN_SUSPICIOUS_MOVE = YES;
				CLANG_WARN_UNGUARDED_AVAILABILITY = YES_AGGRESSIVE;
				CLANG_WARN_UNREACHABLE_CODE = YES;
				CLANG_WARN__DUPLICATE_METHOD_MATCH = YES;
				COPY_PHASE_STRIP = NO;
				DEBUG_INFORMATION_FORMAT = "dwarf-with-dsym";
				ENABLE_NS_ASSERTIONS = NO;
				ENABLE_STRICT_OBJC_MSGSEND = YES;
				GCC_C_LANGUAGE_STANDARD = gnu11;
				GCC_NO_COMMON_BLOCKS = YES;
				GCC_WARN_64_TO_32_BIT_CONVERSION = YES;
				GCC_WARN_ABOUT_RETURN_TYPE = YES_ERROR;
				GCC_WARN_UNDECLARED_SELECTOR = YES;
				GCC_WARN_UNINITIALIZED_AUTOS = YES_AGGRESSIVE;
				GCC_WARN_UNUSED_FUNCTION = YES;
				GCC_WARN_UNUSED_VARIABLE = YES;
				IPHONEOS_DEPLOYMENT_TARGET = 13.5;
				MTL_ENABLE_DEBUG_INFO = NO;
				MTL_FAST_MATH = YES;
				SDKROOT = iphoneos;
				SWIFT_COMPILATION_MODE = wholemodule;
				SWIFT_OPTIMIZATION_LEVEL = "-O";
				VALIDATE_PRODUCT = YES;
			};
			name = Release;
		};
		7512041C24A84AF8008CABF6 /* Debug */ = {
			isa = XCBuildConfiguration;
			baseConfigurationReference = 3A869E44CC18B5B99FEE6498 /* Pods-WeatherApp.debug.xcconfig */;
			buildSettings = {
				ASSETCATALOG_COMPILER_APPICON_NAME = AppIcon;
				CODE_SIGN_STYLE = Automatic;
				DEVELOPMENT_TEAM = GR7ZRGZV7S;
				INFOPLIST_FILE = WeatherApp/Info.plist;
				LD_RUNPATH_SEARCH_PATHS = (
					"$(inherited)",
					"@executable_path/Frameworks",
				);
				PRODUCT_BUNDLE_IDENTIFIER = com.RodrigoCR.WeatherApp;
				PRODUCT_NAME = "$(TARGET_NAME)";
				SWIFT_VERSION = 5.0;
				TARGETED_DEVICE_FAMILY = "1,2";
			};
			name = Debug;
		};
		7512041D24A84AF8008CABF6 /* Release */ = {
			isa = XCBuildConfiguration;
			baseConfigurationReference = 1D3F6C556B532C27365FF7C3 /* Pods-WeatherApp.release.xcconfig */;
			buildSettings = {
				ASSETCATALOG_COMPILER_APPICON_NAME = AppIcon;
				CODE_SIGN_STYLE = Automatic;
				DEVELOPMENT_TEAM = GR7ZRGZV7S;
				INFOPLIST_FILE = WeatherApp/Info.plist;
				LD_RUNPATH_SEARCH_PATHS = (
					"$(inherited)",
					"@executable_path/Frameworks",
				);
				PRODUCT_BUNDLE_IDENTIFIER = com.RodrigoCR.WeatherApp;
				PRODUCT_NAME = "$(TARGET_NAME)";
				SWIFT_VERSION = 5.0;
				TARGETED_DEVICE_FAMILY = "1,2";
			};
			name = Release;
		};
/* End XCBuildConfiguration section */

/* Begin XCConfigurationList section */
		7512040224A84AF6008CABF6 /* Build configuration list for PBXProject "WeatherApp" */ = {
			isa = XCConfigurationList;
			buildConfigurations = (
				7512041924A84AF8008CABF6 /* Debug */,
				7512041A24A84AF8008CABF6 /* Release */,
			);
			defaultConfigurationIsVisible = 0;
			defaultConfigurationName = Release;
		};
		7512041B24A84AF8008CABF6 /* Build configuration list for PBXNativeTarget "WeatherApp" */ = {
			isa = XCConfigurationList;
			buildConfigurations = (
				7512041C24A84AF8008CABF6 /* Debug */,
				7512041D24A84AF8008CABF6 /* Release */,
			);
			defaultConfigurationIsVisible = 0;
			defaultConfigurationName = Release;
		};
/* End XCConfigurationList section */
	};
	rootObject = 751203FF24A84AF6008CABF6 /* Project object */;
}
